github.com/McShelby/hugo-theme-relearn v0.0.0-20230529114920-8914477334d5 h1:TJNUXEhyy7ZorR7tRPkIzC1k6fqwncSzQ4DUUCH3vzw=
github.com/McShelby/hugo-theme-relearn v0.0.0-20230529114920-8914477334d5/go.mod h1:mKQQdxZNIlLvAj8X3tMq+RzntIJSr9z7XdzuMomt0IM=
github.com/McShelby/hugo-theme-relearn v0.0.0-20230531214427-61a3995389db h1:TchlitdK93iSmEViP0uBCUgwxCQmcynZPMKMjq6soxs=
github.com/McShelby/hugo-theme-relearn v0.0.0-20230531214427-61a3995389db/go.mod h1:mKQQdxZNIlLvAj8X3tMq+RzntIJSr9z7XdzuMomt0IM=
github.com/McShelby/hugo-theme-relearn v0.0.0-20230610122345-821002099413 h1:PzoTL2t7YfxPZXnIdtiGAg13b7tVD1sMp4lI0Wub/KI=
github.com/McShelby/hugo-theme-relearn v0.0.0-20230610122345-821002099413/go.mod h1:mKQQdxZNIlLvAj8X3tMq+RzntIJSr9z7XdzuMomt0IM=
